github.com/anelda/wowchemy-widget-blogstweet v0.0.0-20210330025002-f6301fae14cc h1:vWlVuWDLOw3hjXKLe1fiqlnVPmELH1cIVuGHtFBfgd0=
github.com/anelda/wowchemy-widget-blogstweet v0.0.0-20210330025002-f6301fae14cc/go.mod h1:7cdFihFpeZ0401P5b36V4mavphppx0ZuVKJDXUOz8hM=
github.com/anelda/wowchemy-widget-blogtweet v0.0.0-20210329162702-71a13ab79444 h1:GMnuGxuZz7gwxkAxSSOSULHQ9pdtkjQ/dBY7Tu50E7Q=
github.com/anelda/wowchemy-widget-blogtweet v0.0.0-20210329162702-71a13ab79444/go.mod h1:zX0ld2gZGtyunmrrIKf3bdMBeHIjo9nLvYGtA6Kfmqc=
github.com/anelda/wowchemy-widget-news v0.0.0-20210329155345-f659e1e205e1 h1:QB6WFiJ8Whd1gmVCat3p/P/aPoC1VMQeIuWqOqUfjv4=
github.com/anelda/wowchemy-widget-news v0.0.0-20210329155345-f659e1e205e1/go.mod h1:oVn24gss96z9vgpcTL9MBHrKzvQvALBe+CD95k9M2LU=
github.com/anelda/wowchemy-widget-news-1 v0.0.0-20210329160541-4ecb19e85784 h1:PyPGoXB2KDyXpsoOyji+n3uwjfuQqkwSpIAgZCSvWMw=
github.com/anelda/wowchemy-widget-news-1 v0.0.0-20210329160541-4ecb19e85784/go.mod h1:F228eJazN47i/Jl0R+q43YJUsnchR1NhTSPPfPpYmKs=
github.com/anelda/wowchemy-widget-tweetandblog v0.0.0-20210329161537-6d1add850b4e h1:x3AS+ZkgcJSm1lDTDoT5s3hCdd6tAas9JWKMKRuPZD8=
github.com/anelda/wowchemy-widget-tweetandblog v0.0.0-20210329161537-6d1add850b4e/go.mod h1:SmtTSzE5nZJ9xoAw/ejKKyxgxrk46RmaFrV6ll6vscg=
github.com/anelda/wowchemy-widget-tweetblog v0.0.0-20210329160806-3a3ed6c69344 h1:FH3SdFDGh/SdC3kfVs+SW/MMzwVZ5+nREys9wVYI4Zg=
github.com/anelda/wowchemy-widget-tweetblog v0.0.0-20210329160806-3a3ed6c69344/go.mod h1:YLL7D6VfDvr6SSHQ4TKhph3a2W53bcNDr/bVkZwqjTE=
github.com/anelda/wowchemy-widget-twitter-feed v0.0.0-20210329145359-32d7c858039b h1:K8yW9uSoFY9LaT5OpDjqx7VR4pzaAMwzV5b1vdRRteo=
github.com/anelda/wowchemy-widget-twitter-feed v0.0.0-20210329145359-32d7c858039b/go.mod h1:QUly/UuZX+Y5Df4AdEZiR8ngdIY5IQ3pKJCwjzN1tf8=
github.com/anelda/wowchemy-widget-updates v0.0.0-20210330025618-43c66de29840 h1:A6S/i9VBKl/gg29Xp0pw7wh4SJI/wCyIFNqeuWQr1s4=
github.com/anelda/wowchemy-widget-updates v0.0.0-20210330025618-43c66de29840/go.mod h1:dkEiq50rXl7Og85sUPJEzGP3aTmd0cIReVESUO0Ce80=
github.com/wowchemy/wowchemy-hugo-modules/netlify-cms-academic v0.0.0-20210123180413-7dbc1f73edfd/go.mod h1:TU3QDPUdBSQnvDP5QVCwjAkBIdVMS/bKFA8jr3eI5AY=
github.com/wowchemy/wowchemy-hugo-modules/wowchemy v0.0.0-20210123180413-7dbc1f73edfd/go.mod h1:H22qfH9qj3FWwsk7+bAZpmT24yRGNQURah2/IRwjbn8=
